
Microsoft Visual Studio Solution File, Format Version 12.00
# Visual Studio Version 16
VisualStudioVersion = 16.0.32002.261
MinimumVisualStudioVersion = 10.0.40219.1
Project("{FAE04EC0-301F-11D3-BF4B-00C04F79EFBC}") = "ChonkyApp.Android", "ChonkyApp\ChonkyApp.Android\ChonkyApp.Android.csproj", "{E2A905F0-75F8-4CF7-AEC7-55D12F10A386}"
EndProject
Project("{FAE04EC0-301F-11D3-BF4B-00C04F79EFBC}") = "ChonkyApp.iOS", "ChonkyApp\ChonkyApp.iOS\ChonkyApp.iOS.csproj", "{24D789FD-7D9B-486F-8E18-CA3FE2C1BDAF}"
EndProject
Project("{9A19103F-16F7-4668-BE54-9A1E7A4F7556}") = "ChonkyApp", "ChonkyApp\ChonkyApp\ChonkyApp.csproj", "{D4A692B6-66F8-40F5-BF63-F567A4A66334}"
EndProject
Project("{FAE04EC0-301F-11D3-BF4B-00C04F79EFBC}") = "ChonkyApp.Console", "ChonkyApp.Console\ChonkyApp.Console.csproj", "{17177FE0-5195-4CD1-9F5B-6A5993E5F3E9}"
EndProject
Project("{FAE04EC0-301F-11D3-BF4B-00C04F79EFBC}") = "ChonkyApp.Test", "ChonkyApp.Test\ChonkyApp.Test.csproj", "{146C2943-A418-4004-A2A0-5225EFD0FE16}"
EndProject
Project("{2150E333-8FDC-42A3-9474-1A3956D46DE8}") = "Solution Items", "Solution Items", "{08E909F1-F921-4C5F-A044-108F85947663}"
	ProjectSection(SolutionItems) = preProject
		.editorconfig = .editorconfig
	EndProjectSection
EndProject
Global
	GlobalSection(SolutionConfigurationPlatforms) = preSolution
		Debug|Any CPU = Debug|Any CPU
		Debug|ARM = Debug|ARM
		Debug|ARM64 = Debug|ARM64
		Debug|iPhone = Debug|iPhone
		Debug|iPhoneSimulator = Debug|iPhoneSimulator
		Debug|x64 = Debug|x64
		Debug|x86 = Debug|x86
		Release|Any CPU = Release|Any CPU
		Release|ARM = Release|ARM
		Release|ARM64 = Release|ARM64
		Release|iPhone = Release|iPhone
		Release|iPhoneSimulator = Release|iPhoneSimulator
		Release|x64 = Release|x64
		Release|x86 = Release|x86
	EndGlobalSection
	GlobalSection(ProjectConfigurationPlatforms) = postSolution
		{E2A905F0-75F8-4CF7-AEC7-55D12F10A386}.Debug|Any CPU.ActiveCfg = Debug|Any CPU
		{E2A905F0-75F8-4CF7-AEC7-55D12F10A386}.Debug|Any CPU.Build.0 = Debug|Any CPU
		{E2A905F0-75F8-4CF7-AEC7-55D12F10A386}.Debug|Any CPU.Deploy.0 = Debug|Any CPU
		{E2A905F0-75F8-4CF7-AEC7-55D12F10A386}.Debug|ARM.ActiveCfg = Debug|Any CPU
		{E2A905F0-75F8-4CF7-AEC7-55D12F10A386}.Debug|ARM.Build.0 = Debug|Any CPU
		{E2A905F0-75F8-4CF7-AEC7-55D12F10A386}.Debug|ARM.Deploy.0 = Debug|Any CPU
		{E2A905F0-75F8-4CF7-AEC7-55D12F10A386}.Debug|ARM64.ActiveCfg = Debug|Any CPU
		{E2A905F0-75F8-4CF7-AEC7-55D12F10A386}.Debug|ARM64.Build.0 = Debug|Any CPU
		{E2A905F0-75F8-4CF7-AEC7-55D12F10A386}.Debug|ARM64.Deploy.0 = Debug|Any CPU
		{E2A905F0-75F8-4CF7-AEC7-55D12F10A386}.Debug|iPhone.ActiveCfg = Debug|Any CPU
		{E2A905F0-75F8-4CF7-AEC7-55D12F10A386}.Debug|iPhone.Build.0 = Debug|Any CPU
		{E2A905F0-75F8-4CF7-AEC7-55D12F10A386}.Debug|iPhone.Deploy.0 = Debug|Any CPU
		{E2A905F0-75F8-4CF7-AEC7-55D12F10A386}.Debug|iPhoneSimulator.ActiveCfg = Debug|Any CPU
		{E2A905F0-75F8-4CF7-AEC7-55D12F10A386}.Debug|iPhoneSimulator.Build.0 = Debug|Any CPU
		{E2A905F0-75F8-4CF7-AEC7-55D12F10A386}.Debug|iPhoneSimulator.Deploy.0 = Debug|Any CPU
		{E2A905F0-75F8-4CF7-AEC7-55D12F10A386}.Debug|x64.ActiveCfg = Debug|Any CPU
		{E2A905F0-75F8-4CF7-AEC7-55D12F10A386}.Debug|x64.Build.0 = Debug|Any CPU
		{E2A905F0-75F8-4CF7-AEC7-55D12F10A386}.Debug|x64.Deploy.0 = Debug|Any CPU
		{E2A905F0-75F8-4CF7-AEC7-55D12F10A386}.Debug|x86.ActiveCfg = Debug|Any CPU
		{E2A905F0-75F8-4CF7-AEC7-55D12F10A386}.Debug|x86.Build.0 = Debug|Any CPU
		{E2A905F0-75F8-4CF7-AEC7-55D12F10A386}.Debug|x86.Deploy.0 = Debug|Any CPU
		{E2A905F0-75F8-4CF7-AEC7-55D12F10A386}.Release|Any CPU.ActiveCfg = Release|Any CPU
		{E2A905F0-75F8-4CF7-AEC7-55D12F10A386}.Release|Any CPU.Build.0 = Release|Any CPU
		{E2A905F0-75F8-4CF7-AEC7-55D12F10A386}.Release|Any CPU.Deploy.0 = Release|Any CPU
		{E2A905F0-75F8-4CF7-AEC7-55D12F10A386}.Release|ARM.ActiveCfg = Release|Any CPU
		{E2A905F0-75F8-4CF7-AEC7-55D12F10A386}.Release|ARM.Build.0 = Release|Any CPU
		{E2A905F0-75F8-4CF7-AEC7-55D12F10A386}.Release|ARM.Deploy.0 = Release|Any CPU
		{E2A905F0-75F8-4CF7-AEC7-55D12F10A386}.Release|ARM64.ActiveCfg = Release|Any CPU
		{E2A905F0-75F8-4CF7-AEC7-55D12F10A386}.Release|ARM64.Build.0 = Release|Any CPU
		{E2A905F0-75F8-4CF7-AEC7-55D12F10A386}.Release|ARM64.Deploy.0 = Release|Any CPU
		{E2A905F0-75F8-4CF7-AEC7-55D12F10A386}.Release|iPhone.ActiveCfg = Release|Any CPU
		{E2A905F0-75F8-4CF7-AEC7-55D12F10A386}.Release|iPhone.Build.0 = Release|Any CPU
		{E2A905F0-75F8-4CF7-AEC7-55D12F10A386}.Release|iPhone.Deploy.0 = Release|Any CPU
		{E2A905F0-75F8-4CF7-AEC7-55D12F10A386}.Release|iPhoneSimulator.ActiveCfg = Release|Any CPU
		{E2A905F0-75F8-4CF7-AEC7-55D12F10A386}.Release|iPhoneSimulator.Build.0 = Release|Any CPU
		{E2A905F0-75F8-4CF7-AEC7-55D12F10A386}.Release|iPhoneSimulator.Deploy.0 = Release|Any CPU
		{E2A905F0-75F8-4CF7-AEC7-55D12F10A386}.Release|x64.ActiveCfg = Release|Any CPU
		{E2A905F0-75F8-4CF7-AEC7-55D12F10A386}.Release|x64.Build.0 = Release|Any CPU
		{E2A905F0-75F8-4CF7-AEC7-55D12F10A386}.Release|x64.Deploy.0 = Release|Any CPU
		{E2A905F0-75F8-4CF7-AEC7-55D12F10A386}.Release|x86.ActiveCfg = Release|Any CPU
		{E2A905F0-75F8-4CF7-AEC7-55D12F10A386}.Release|x86.Build.0 = Release|Any CPU
		{E2A905F0-75F8-4CF7-AEC7-55D12F10A386}.Release|x86.Deploy.0 = Release|Any CPU
		{24D789FD-7D9B-486F-8E18-CA3FE2C1BDAF}.Debug|Any CPU.ActiveCfg = Debug|iPhone
		{24D789FD-7D9B-486F-8E18-CA3FE2C1BDAF}.Debug|Any CPU.Build.0 = Debug|iPhone
		{24D789FD-7D9B-486F-8E18-CA3FE2C1BDAF}.Debug|Any CPU.Deploy.0 = Debug|iPhone
		{24D789FD-7D9B-486F-8E18-CA3FE2C1BDAF}.Debug|ARM.ActiveCfg = Debug|iPhoneSimulator
		{24D789FD-7D9B-486F-8E18-CA3FE2C1BDAF}.Debug|ARM64.ActiveCfg = Debug|iPhoneSimulator
		{24D789FD-7D9B-486F-8E18-CA3FE2C1BDAF}.Debug|iPhone.ActiveCfg = Debug|iPhone
		{24D789FD-7D9B-486F-8E18-CA3FE2C1BDAF}.Debug|iPhone.Build.0 = Debug|iPhone
		{24D789FD-7D9B-486F-8E18-CA3FE2C1BDAF}.Debug|iPhone.Deploy.0 = Debug|iPhone
		{24D789FD-7D9B-486F-8E18-CA3FE2C1BDAF}.Debug|iPhoneSimulator.ActiveCfg = Debug|iPhoneSimulator
		{24D789FD-7D9B-486F-8E18-CA3FE2C1BDAF}.Debug|iPhoneSimulator.Build.0 = Debug|iPhoneSimulator
		{24D789FD-7D9B-486F-8E18-CA3FE2C1BDAF}.Debug|iPhoneSimulator.Deploy.0 = Debug|iPhoneSimulator
		{24D789FD-7D9B-486F-8E18-CA3FE2C1BDAF}.Debug|x64.ActiveCfg = Debug|iPhoneSimulator
		{24D789FD-7D9B-486F-8E18-CA3FE2C1BDAF}.Debug|x86.ActiveCfg = Debug|iPhoneSimulator
		{24D789FD-7D9B-486F-8E18-CA3FE2C1BDAF}.Release|Any CPU.ActiveCfg = Release|iPhoneSimulator
		{24D789FD-7D9B-486F-8E18-CA3FE2C1BDAF}.Release|Any CPU.Build.0 = Release|iPhoneSimulator
		{24D789FD-7D9B-486F-8E18-CA3FE2C1BDAF}.Release|Any CPU.Deploy.0 = Release|iPhoneSimulator
		{24D789FD-7D9B-486F-8E18-CA3FE2C1BDAF}.Release|ARM.ActiveCfg = Release|iPhone
		{24D789FD-7D9B-486F-8E18-CA3FE2C1BDAF}.Release|ARM64.ActiveCfg = Release|iPhone
		{24D789FD-7D9B-486F-8E18-CA3FE2C1BDAF}.Release|iPhone.ActiveCfg = Release|iPhone
		{24D789FD-7D9B-486F-8E18-CA3FE2C1BDAF}.Release|iPhone.Build.0 = Release|iPhone
		{24D789FD-7D9B-486F-8E18-CA3FE2C1BDAF}.Release|iPhone.Deploy.0 = Release|iPhone
		{24D789FD-7D9B-486F-8E18-CA3FE2C1BDAF}.Release|iPhoneSimulator.ActiveCfg = Release|iPhoneSimulator
		{24D789FD-7D9B-486F-8E18-CA3FE2C1BDAF}.Release|iPhoneSimulator.Build.0 = Release|iPhoneSimulator
		{24D789FD-7D9B-486F-8E18-CA3FE2C1BDAF}.Release|iPhoneSimulator.Deploy.0 = Release|iPhoneSimulator
		{24D789FD-7D9B-486F-8E18-CA3FE2C1BDAF}.Release|x64.ActiveCfg = Release|iPhone
		{24D789FD-7D9B-486F-8E18-CA3FE2C1BDAF}.Release|x86.ActiveCfg = Release|iPhone
		{D4A692B6-66F8-40F5-BF63-F567A4A66334}.Debug|Any CPU.ActiveCfg = Debug|Any CPU
		{D4A692B6-66F8-40F5-BF63-F567A4A66334}.Debug|Any CPU.Build.0 = Debug|Any CPU
		{D4A692B6-66F8-40F5-BF63-F567A4A66334}.Debug|Any CPU.Deploy.0 = Debug|Any CPU
		{D4A692B6-66F8-40F5-BF63-F567A4A66334}.Debug|ARM.ActiveCfg = Debug|Any CPU
		{D4A692B6-66F8-40F5-BF63-F567A4A66334}.Debug|ARM.Build.0 = Debug|Any CPU
		{D4A692B6-66F8-40F5-BF63-F567A4A66334}.Debug|ARM64.ActiveCfg = Debug|Any CPU
		{D4A692B6-66F8-40F5-BF63-F567A4A66334}.Debug|ARM64.Build.0 = Debug|Any CPU
		{D4A692B6-66F8-40F5-BF63-F567A4A66334}.Debug|iPhone.ActiveCfg = Debug|Any CPU
		{D4A692B6-66F8-40F5-BF63-F567A4A66334}.Debug|iPhone.Build.0 = Debug|Any CPU
		{D4A692B6-66F8-40F5-BF63-F567A4A66334}.Debug|iPhone.Deploy.0 = Debug|Any CPU
		{D4A692B6-66F8-40F5-BF63-F567A4A66334}.Debug|iPhoneSimulator.ActiveCfg = Debug|Any CPU
		{D4A692B6-66F8-40F5-BF63-F567A4A66334}.Debug|iPhoneSimulator.Build.0 = Debug|Any CPU
		{D4A692B6-66F8-40F5-BF63-F567A4A66334}.Debug|iPhoneSimulator.Deploy.0 = Debug|Any CPU
		{D4A692B6-66F8-40F5-BF63-F567A4A66334}.Debug|x64.ActiveCfg = Debug|Any CPU
		{D4A692B6-66F8-40F5-BF63-F567A4A66334}.Debug|x64.Build.0 = Debug|Any CPU
		{D4A692B6-66F8-40F5-BF63-F567A4A66334}.Debug|x86.ActiveCfg = Debug|Any CPU
		{D4A692B6-66F8-40F5-BF63-F567A4A66334}.Debug|x86.Build.0 = Debug|Any CPU
		{D4A692B6-66F8-40F5-BF63-F567A4A66334}.Release|Any CPU.ActiveCfg = Release|Any CPU
		{D4A692B6-66F8-40F5-BF63-F567A4A66334}.Release|Any CPU.Build.0 = Release|Any CPU
		{D4A692B6-66F8-40F5-BF63-F567A4A66334}.Release|Any CPU.Deploy.0 = Release|Any CPU
		{D4A692B6-66F8-40F5-BF63-F567A4A66334}.Release|ARM.ActiveCfg = Release|Any CPU
		{D4A692B6-66F8-40F5-BF63-F567A4A66334}.Release|ARM.Build.0 = Release|Any CPU
		{D4A692B6-66F8-40F5-BF63-F567A4A66334}.Release|ARM64.ActiveCfg = Release|Any CPU
		{D4A692B6-66F8-40F5-BF63-F567A4A66334}.Release|ARM64.Build.0 = Release|Any CPU
		{D4A692B6-66F8-40F5-BF63-F567A4A66334}.Release|iPhone.ActiveCfg = Release|Any CPU
		{D4A692B6-66F8-40F5-BF63-F567A4A66334}.Release|iPhone.Build.0 = Release|Any CPU
		{D4A692B6-66F8-40F5-BF63-F567A4A66334}.Release|iPhone.Deploy.0 = Release|Any CPU
		{D4A692B6-66F8-40F5-BF63-F567A4A66334}.Release|iPhoneSimulator.ActiveCfg = Release|Any CPU
		{D4A692B6-66F8-40F5-BF63-F567A4A66334}.Release|iPhoneSimulator.Build.0 = Release|Any CPU
		{D4A692B6-66F8-40F5-BF63-F567A4A66334}.Release|iPhoneSimulator.Deploy.0 = Release|Any CPU
		{D4A692B6-66F8-40F5-BF63-F567A4A66334}.Release|x64.ActiveCfg = Release|Any CPU
		{D4A692B6-66F8-40F5-BF63-F567A4A66334}.Release|x64.Build.0 = Release|Any CPU
		{D4A692B6-66F8-40F5-BF63-F567A4A66334}.Release|x86.ActiveCfg = Release|Any CPU
		{D4A692B6-66F8-40F5-BF63-F567A4A66334}.Release|x86.Build.0 = Release|Any CPU
		{17177FE0-5195-4CD1-9F5B-6A5993E5F3E9}.Debug|Any CPU.ActiveCfg = Debug|Any CPU
		{17177FE0-5195-4CD1-9F5B-6A5993E5F3E9}.Debug|Any CPU.Build.0 = Debug|Any CPU
		{17177FE0-5195-4CD1-9F5B-6A5993E5F3E9}.Debug|ARM.ActiveCfg = Debug|Any CPU
		{17177FE0-5195-4CD1-9F5B-6A5993E5F3E9}.Debug|ARM.Build.0 = Debug|Any CPU
		{17177FE0-5195-4CD1-9F5B-6A5993E5F3E9}.Debug|ARM64.ActiveCfg = Debug|Any CPU
		{17177FE0-5195-4CD1-9F5B-6A5993E5F3E9}.Debug|ARM64.Build.0 = Debug|Any CPU
		{17177FE0-5195-4CD1-9F5B-6A5993E5F3E9}.Debug|iPhone.ActiveCfg = Debug|Any CPU
		{17177FE0-5195-4CD1-9F5B-6A5993E5F3E9}.Debug|iPhone.Build.0 = Debug|Any CPU
		{17177FE0-5195-4CD1-9F5B-6A5993E5F3E9}.Debug|iPhoneSimulator.ActiveCfg = Debug|Any CPU
		{17177FE0-5195-4CD1-9F5B-6A5993E5F3E9}.Debug|iPhoneSimulator.Build.0 = Debug|Any CPU
		{17177FE0-5195-4CD1-9F5B-6A5993E5F3E9}.Debug|x64.ActiveCfg = Debug|Any CPU
		{17177FE0-5195-4CD1-9F5B-6A5993E5F3E9}.Debug|x64.Build.0 = Debug|Any CPU
		{17177FE0-5195-4CD1-9F5B-6A5993E5F3E9}.Debug|x86.ActiveCfg = Debug|Any CPU
		{17177FE0-5195-4CD1-9F5B-6A5993E5F3E9}.Debug|x86.Build.0 = Debug|Any CPU
		{17177FE0-5195-4CD1-9F5B-6A5993E5F3E9}.Release|Any CPU.ActiveCfg = Release|Any CPU
		{17177FE0-5195-4CD1-9F5B-6A5993E5F3E9}.Release|Any CPU.Build.0 = Release|Any CPU
		{17177FE0-5195-4CD1-9F5B-6A5993E5F3E9}.Release|ARM.ActiveCfg = Release|Any CPU
		{17177FE0-5195-4CD1-9F5B-6A5993E5F3E9}.Release|ARM.Build.0 = Release|Any CPU
		{17177FE0-5195-4CD1-9F5B-6A5993E5F3E9}.Release|ARM64.ActiveCfg = Release|Any CPU
		{17177FE0-5195-4CD1-9F5B-6A5993E5F3E9}.Release|ARM64.Build.0 = Release|Any CPU
		{17177FE0-5195-4CD1-9F5B-6A5993E5F3E9}.Release|iPhone.ActiveCfg = Release|Any CPU
		{17177FE0-5195-4CD1-9F5B-6A5993E5F3E9}.Release|iPhone.Build.0 = Release|Any CPU
		{17177FE0-5195-4CD1-9F5B-6A5993E5F3E9}.Release|iPhoneSimulator.ActiveCfg = Release|Any CPU
		{17177FE0-5195-4CD1-9F5B-6A5993E5F3E9}.Release|iPhoneSimulator.Build.0 = Release|Any CPU
		{17177FE0-5195-4CD1-9F5B-6A5993E5F3E9}.Release|x64.ActiveCfg = Release|Any CPU
		{17177FE0-5195-4CD1-9F5B-6A5993E5F3E9}.Release|x64.Build.0 = Release|Any CPU
		{17177FE0-5195-4CD1-9F5B-6A5993E5F3E9}.Release|x86.ActiveCfg = Release|Any CPU
		{17177FE0-5195-4CD1-9F5B-6A5993E5F3E9}.Release|x86.Build.0 = Release|Any CPU
		{146C2943-A418-4004-A2A0-5225EFD0FE16}.Debug|Any CPU.ActiveCfg = Debug|Any CPU
		{146C2943-A418-4004-A2A0-5225EFD0FE16}.Debug|Any CPU.Build.0 = Debug|Any CPU
		{146C2943-A418-4004-A2A0-5225EFD0FE16}.Debug|ARM.ActiveCfg = Debug|Any CPU
		{146C2943-A418-4004-A2A0-5225EFD0FE16}.Debug|ARM.Build.0 = Debug|Any CPU
		{146C2943-A418-4004-A2A0-5225EFD0FE16}.Debug|ARM64.ActiveCfg = Debug|Any CPU
		{146C2943-A418-4004-A2A0-5225EFD0FE16}.Debug|ARM64.Build.0 = Debug|Any CPU
		{146C2943-A418-4004-A2A0-5225EFD0FE16}.Debug|iPhone.ActiveCfg = Debug|Any CPU
		{146C2943-A418-4004-A2A0-5225EFD0FE16}.Debug|iPhone.Build.0 = Debug|Any CPU
		{146C2943-A418-4004-A2A0-5225EFD0FE16}.Debug|iPhoneSimulator.ActiveCfg = Debug|Any CPU
		{146C2943-A418-4004-A2A0-5225EFD0FE16}.Debug|iPhoneSimulator.Build.0 = Debug|Any CPU
		{146C2943-A418-4004-A2A0-5225EFD0FE16}.Debug|x64.ActiveCfg = Debug|Any CPU
		{146C2943-A418-4004-A2A0-5225EFD0FE16}.Debug|x64.Build.0 = Debug|Any CPU
		{146C2943-A418-4004-A2A0-5225EFD0FE16}.Debug|x86.ActiveCfg = Debug|Any CPU
		{146C2943-A418-4004-A2A0-5225EFD0FE16}.Debug|x86.Build.0 = Debug|Any CPU
		{146C2943-A418-4004-A2A0-5225EFD0FE16}.Release|Any CPU.ActiveCfg = Release|Any CPU
		{146C2943-A418-4004-A2A0-5225EFD0FE16}.Release|Any CPU.Build.0 = Release|Any CPU
		{146C2943-A418-4004-A2A0-5225EFD0FE16}.Release|ARM.ActiveCfg = Release|Any CPU
		{146C2943-A418-4004-A2A0-5225EFD0FE16}.Release|ARM.Build.0 = Release|Any CPU
		{146C2943-A418-4004-A2A0-5225EFD0FE16}.Release|ARM64.ActiveCfg = Release|Any CPU
		{146C2943-A418-4004-A2A0-5225EFD0FE16}.Release|ARM64.Build.0 = Release|Any CPU
		{146C2943-A418-4004-A2A0-5225EFD0FE16}.Release|iPhone.ActiveCfg = Release|Any CPU
		{146C2943-A418-4004-A2A0-5225EFD0FE16}.Release|iPhone.Build.0 = Release|Any CPU
		{146C2943-A418-4004-A2A0-5225EFD0FE16}.Release|iPhoneSimulator.ActiveCfg = Release|Any CPU
		{146C2943-A418-4004-A2A0-5225EFD0FE16}.Release|iPhoneSimulator.Build.0 = Release|Any CPU
		{146C2943-A418-4004-A2A0-5225EFD0FE16}.Release|x64.ActiveCfg = Release|Any CPU
		{146C2943-A418-4004-A2A0-5225EFD0FE16}.Release|x64.Build.0 = Release|Any CPU
		{146C2943-A418-4004-A2A0-5225EFD0FE16}.Release|x86.ActiveCfg = Release|Any CPU
		{146C2943-A418-4004-A2A0-5225EFD0FE16}.Release|x86.Build.0 = Release|Any CPU
	EndGlobalSection
	GlobalSection(SolutionProperties) = preSolution
		HideSolutionNode = FALSE
	EndGlobalSection
	GlobalSection(ExtensibilityGlobals) = postSolution
		SolutionGuid = {FC314C39-D295-4DE3-86C0-FD014B87B538}
	EndGlobalSection
EndGlobal
